<?xml version="1.0" encoding="utf-8"?>
<Project ToolsVersion="4.0" xmlns="http://schemas.microsoft.com/developer/msbuild/2003">
  <ItemGroup>
    <Filter Include="GameFramework">
      <UniqueIdentifier>{ce78ff6e-cf68-4432-a31e-389c3155ad54}</UniqueIdentifier>
    </Filter>
  </ItemGroup>
  <ItemGroup>
    <ClCompile Include="GameFramework\GameApp.cpp">
      <Filter>GameFramework</Filter>
    </ClCompile>
    <ClCompile Include="GameFramework\Main.cpp">
      <Filter>GameFramework</Filter>
    </ClCompile>
    <ClCompile Include="GameFramework\d3dApp.cpp">
      <Filter>GameFramework</Filter>
    </ClCompile>
    <ClCompile Include="GameFramework\d3dUtil.cpp">
      <Filter>GameFramework</Filter>
    </ClCompile>
    <ClCompile Include="GameFramework\DDSTextureLoader.cpp">
      <Filter>GameFramework</Filter>
    </ClCompile>
    <ClCompile Include="GameFramework\DXTrace.cpp">
      <Filter>GameFramework</Filter>
    </ClCompile>
    <ClCompile Include="GameFramework\GameTimer.cpp">
      <Filter>GameFramework</Filter>
    </ClCompile>
    <ClCompile Include="GameFramework\Keyboard.cpp">
      <Filter>GameFramework</Filter>
    </ClCompile>
    <ClCompile Include="GameFramework\Mouse.cpp">
      <Filter>GameFramework</Filter>
    </ClCompile>
  </ItemGroup>
  <ItemGroup>
    <ClInclude Include="GameFramework\GameApp.h">
      <Filter>GameFramework</Filter>
    </ClInclude>
    <ClInclude Include="GameFramework\d3dApp.h">
      <Filter>GameFramework</Filter>
    </ClInclude>
    <ClInclude Include="GameFramework\d3dUtil.h">
      <Filter>GameFramework</Filter>
    </ClInclude>
    <ClInclude Include="GameFramework\DDSTextureLoader.h">
      <Filter>GameFramework</Filter>
    </ClInclude>
    <ClInclude Include="GameFramework\DXTrace.h">
      <Filter>GameFramework</Filter>
    </ClInclude>
    <ClInclude Include="GameFramework\GameTimer.h">
      <Filter>GameFramework</Filter>
    </ClInclude>
    <ClInclude Include="GameFramework\Keyboard.h">
      <Filter>GameFramework</Filter>
    </ClInclude>
    <ClInclude Include="GameFramework\Mouse.h">
      <Filter>GameFramework</Filter>
    </ClInclude>
  </ItemGroup>
</Project>